
Microsoft Visual Studio Solution File, Format Version 12.00
# Visual Studio Version 17
VisualStudioVersion = 17.11.35222.181
MinimumVisualStudioVersion = 10.0.40219.1
Project("{FAE04EC0-301F-11D3-BF4B-00C04F79EFBC}") = "EasyKart.Notification", "EasyKart.Notification\EasyKart.Notification.csproj", "{8F03EAA3-C450-4CD2-80D5-2E04F3F753F1}"
EndProject
Global
	GlobalSection(SolutionConfigurationPlatforms) = preSolution
		Debug|Any CPU = Debug|Any CPU
		Release|Any CPU = Release|Any CPU
	EndGlobalSection
	GlobalSection(ProjectConfigurationPlatforms) = postSolution
		{8F03EAA3-C450-4CD2-80D5-2E04F3F753F1}.Debug|Any CPU.ActiveCfg = Debug|Any CPU
		{8F03EAA3-C450-4CD2-80D5-2E04F3F753F1}.Debug|Any CPU.Build.0 = Debug|Any CPU
		{8F03EAA3-C450-4CD2-80D5-2E04F3F753F1}.Release|Any CPU.ActiveCfg = Release|Any CPU
		{8F03EAA3-C450-4CD2-80D5-2E04F3F753F1}.Release|Any CPU.Build.0 = Release|Any CPU
	EndGlobalSection
	GlobalSection(SolutionProperties) = preSolution
		HideSolutionNode = FALSE
	EndGlobalSection
	GlobalSection(ExtensibilityGlobals) = postSolution
		SolutionGuid = {195249D9-054F-46E8-990F-C666779F66F5}
	EndGlobalSection
EndGlobal
